<?xml version="1.0" encoding="utf-8"?>
<Project ToolsVersion="4.0" xmlns="http://schemas.microsoft.com/developer/msbuild/2003">
  <ItemGroup>
    <Filter Include="源文件">
      <UniqueIdentifier>{4FC737F1-C7A5-4376-A066-2A32D752A2FF}</UniqueIdentifier>
      <Extensions>cpp;c;cxx;def;odl;idl;hpj;bat;asm;asmx</Extensions>
    </Filter>
    <Filter Include="源文件\Class">
      <UniqueIdentifier>{ea0707fd-b177-4907-a2a3-f656dd0d6763}</UniqueIdentifier>
    </Filter>
    <Filter Include="源文件\Core">
      <UniqueIdentifier>{2f669952-807a-4fc3-911c-be0e77d3fd4a}</UniqueIdentifier>
    </Filter>
    <Filter Include="源文件\Process">
      <UniqueIdentifier>{cf4e7720-25d9-4f01-8de1-3229074c3ad0}</UniqueIdentifier>
    </Filter>
    <Filter Include="头文件">
      <UniqueIdentifier>{93995380-89BD-4b04-88EB-625FBE52EBFB}</UniqueIdentifier>
      <Extensions>h;hpp;hxx;hm;inl;inc;xsd</Extensions>
    </Filter>
    <Filter Include="头文件\Core">
      <UniqueIdentifier>{8b06f4be-7040-4852-854f-fe5bd73dc286}</UniqueIdentifier>
    </Filter>
    <Filter Include="头文件\Class">
      <UniqueIdentifier>{4c17c3ad-c573-4ffb-88d1-2082f73b1b19}</UniqueIdentifier>
    </Filter>
    <Filter Include="头文件\hge">
      <UniqueIdentifier>{5e98678e-f02c-465b-b760-343f18d298b3}</UniqueIdentifier>
    </Filter>
  </ItemGroup>
  <ItemGroup>
    <ClCompile Include="Class\Beam.cpp">
      <Filter>源文件\Class</Filter>
    </ClCompile>
    <ClCompile Include="Class\BGLayer.cpp">
      <Filter>源文件\Class</Filter>
    </ClCompile>
    <ClCompile Include="Class\BObject.cpp">
      <Filter>源文件\Class</Filter>
    </ClCompile>
    <ClCompile Include="Class\BossInfo.cpp">
      <Filter>源文件\Class</Filter>
    </ClCompile>
    <ClCompile Include="Class\Bullet.cpp">
      <Filter>源文件\Class</Filter>
    </ClCompile>
    <ClCompile Include="Class\Chat.cpp">
      <Filter>源文件\Class</Filter>
    </ClCompile>
    <ClCompile Include="Class\EffectSp.cpp">
      <Filter>源文件\Class</Filter>
    </ClCompile>
    <ClCompile Include="Class\Effectsys.cpp">
      <Filter>源文件\Class</Filter>
    </ClCompile>
    <ClCompile Include="Class\Enemy.cpp">
      <Filter>源文件\Class</Filter>
    </ClCompile>
    <ClCompile Include="Class\Fontsys.cpp">
      <Filter>源文件\Class</Filter>
    </ClCompile>
    <ClCompile Include="Class\Ghost.cpp">
      <Filter>源文件\Class</Filter>
    </ClCompile>
    <ClCompile Include="Class\InfoQuad.cpp">
      <Filter>源文件\Class</Filter>
    </ClCompile>
    <ClCompile Include="Class\InfoSelect.cpp">
      <Filter>源文件\Class</Filter>
    </ClCompile>
    <ClCompile Include="Class\Item.cpp">
      <Filter>源文件\Class</Filter>
    </ClCompile>
    <ClCompile Include="Class\Player.cpp">
      <Filter>源文件\Class</Filter>
    </ClCompile>
    <ClCompile Include="Class\PlayerBomb.cpp">
      <Filter>源文件\Class</Filter>
    </ClCompile>
    <ClCompile Include="Class\PlayerBullet.cpp">
      <Filter>源文件\Class</Filter>
    </ClCompile>
    <ClCompile Include="Class\PlayerGhost.cpp">
      <Filter>源文件\Class</Filter>
    </ClCompile>
    <ClCompile Include="Class\PlayerShoot.cpp">
      <Filter>源文件\Class</Filter>
    </ClCompile>
    <ClCompile Include="Class\Replay.cpp">
      <Filter>源文件\Class</Filter>
    </ClCompile>
    <ClCompile Include="Class\SE.cpp">
      <Filter>源文件\Class</Filter>
    </ClCompile>
    <ClCompile Include="Class\Selector.cpp">
      <Filter>源文件\Class</Filter>
    </ClCompile>
    <ClCompile Include="Core\BMath.cpp">
      <Filter>源文件\Core</Filter>
    </ClCompile>
    <ClCompile Include="Core\BResource.cpp">
      <Filter>源文件\Core</Filter>
    </ClCompile>
    <ClCompile Include="Core\Data.cpp">
      <Filter>源文件\Core</Filter>
    </ClCompile>
    <ClCompile Include="Core\DataConnector.cpp">
      <Filter>源文件\Core</Filter>
    </ClCompile>
    <ClCompile Include="Core\DataMap.cpp">
      <Filter>源文件\Core</Filter>
    </ClCompile>
    <ClCompile Include="Core\DataPrinter.cpp">
      <Filter>源文件\Core</Filter>
    </ClCompile>
    <ClCompile Include="Core\Export.cpp">
      <Filter>源文件\Core</Filter>
    </ClCompile>
    <ClCompile Include="Core\InitDllLoader.cpp">
      <Filter>源文件\Core</Filter>
    </ClCompile>
    <ClCompile Include="Core\Keytable.cpp">
      <Filter>源文件\Core</Filter>
    </ClCompile>
    <ClCompile Include="Core\Main.cpp">
      <Filter>源文件\Core</Filter>
    </ClCompile>
    <ClCompile Include="Core\Parser.cpp">
      <Filter>源文件\Core</Filter>
    </ClCompile>
    <ClCompile Include="Core\Scripter.cpp">
      <Filter>源文件\Core</Filter>
    </ClCompile>
    <ClCompile Include="Process\frame.cpp">
      <Filter>源文件\Process</Filter>
    </ClCompile>
    <ClCompile Include="Process\frameEnd.cpp">
      <Filter>源文件\Process</Filter>
    </ClCompile>
    <ClCompile Include="Process\frameStart.cpp">
      <Filter>源文件\Process</Filter>
    </ClCompile>
    <ClCompile Include="Core\Process.cpp">
      <Filter>源文件\Process</Filter>
    </ClCompile>
    <ClCompile Include="Process\processClear.cpp">
      <Filter>源文件\Process</Filter>
    </ClCompile>
    <ClCompile Include="Process\processContinue.cpp">
      <Filter>源文件\Process</Filter>
    </ClCompile>
    <ClCompile Include="Process\processDifficultSelect.cpp">
      <Filter>源文件\Process</Filter>
    </ClCompile>
    <ClCompile Include="Process\processEnding.cpp">
      <Filter>源文件\Process</Filter>
    </ClCompile>
    <ClCompile Include="Process\processGetInput.cpp">
      <Filter>源文件\Process</Filter>
    </ClCompile>
    <ClCompile Include="Process\processInit.cpp">
      <Filter>源文件\Process</Filter>
    </ClCompile>
    <ClCompile Include="Process\processMusic.cpp">
      <Filter>源文件\Process</Filter>
    </ClCompile>
    <ClCompile Include="Process\processOption.cpp">
      <Filter>源文件\Process</Filter>
    </ClCompile>
    <ClCompile Include="Process\processOver.cpp">
      <Filter>源文件\Process</Filter>
    </ClCompile>
    <ClCompile Include="Process\processPause.cpp">
      <Filter>源文件\Process</Filter>
    </ClCompile>
    <ClCompile Include="Process\processPlayerSelect.cpp">
      <Filter>源文件\Process</Filter>
    </ClCompile>
    <ClCompile Include="Process\processRange.cpp">
      <Filter>源文件\Process</Filter>
    </ClCompile>
    <ClCompile Include="Process\processReplay.cpp">
      <Filter>源文件\Process</Filter>
    </ClCompile>
    <ClCompile Include="Process\processResault.cpp">
      <Filter>源文件\Process</Filter>
    </ClCompile>
    <ClCompile Include="Process\processStart.cpp">
      <Filter>源文件\Process</Filter>
    </ClCompile>
    <ClCompile Include="Process\processStartPrep.cpp">
      <Filter>源文件\Process</Filter>
    </ClCompile>
    <ClCompile Include="Process\processTitle.cpp">
      <Filter>源文件\Process</Filter>
    </ClCompile>
    <ClCompile Include="Process\reload.cpp">
      <Filter>源文件\Process</Filter>
    </ClCompile>
    <ClCompile Include="Process\render.cpp">
      <Filter>源文件\Process</Filter>
    </ClCompile>
  </ItemGroup>
  <ItemGroup>
    <ClInclude Include="Header\MainDependency.h">
      <Filter>头文件</Filter>
    </ClInclude>
    <ClInclude Include="Header\BMath.h">
      <Filter>头文件\Core</Filter>
    </ClInclude>
    <ClInclude Include="Header\BResource.h">
      <Filter>头文件\Core</Filter>
    </ClInclude>
    <ClInclude Include="Header\Const.h">
      <Filter>头文件\Core</Filter>
    </ClInclude>
    <ClInclude Include="Header\Data.h">
      <Filter>头文件\Core</Filter>
    </ClInclude>
    <ClInclude Include="Header\DataConnector.h">
      <Filter>头文件\Core</Filter>
    </ClInclude>
    <ClInclude Include="Header\DataPrinter.h">
      <Filter>头文件\Core</Filter>
    </ClInclude>
    <ClInclude Include="Header\Export.h">
      <Filter>头文件\Core</Filter>
    </ClInclude>
    <ClInclude Include="Header\keytable.h">
      <Filter>头文件\Core</Filter>
    </ClInclude>
    <ClInclude Include="Header\Main.h">
      <Filter>头文件\Core</Filter>
    </ClInclude>
    <ClInclude Include="Header\Process.h">
      <Filter>头文件\Core</Filter>
    </ClInclude>
    <ClInclude Include="Header\processPrep.h">
      <Filter>头文件\Core</Filter>
    </ClInclude>
    <ClInclude Include="Header\Scripter.h">
      <Filter>头文件\Core</Filter>
    </ClInclude>
    <ClInclude Include="Header\VectorList.h">
      <Filter>头文件\Core</Filter>
    </ClInclude>
    <ClInclude Include="Header\Beam.h">
      <Filter>头文件\Class</Filter>
    </ClInclude>
    <ClInclude Include="Header\BGLayer.h">
      <Filter>头文件\Class</Filter>
    </ClInclude>
    <ClInclude Include="Header\BObject.h">
      <Filter>头文件\Class</Filter>
    </ClInclude>
    <ClInclude Include="Header\BossInfo.h">
      <Filter>头文件\Class</Filter>
    </ClInclude>
    <ClInclude Include="Header\Bullet.h">
      <Filter>头文件\Class</Filter>
    </ClInclude>
    <ClInclude Include="Header\Chat.h">
      <Filter>头文件\Class</Filter>
    </ClInclude>
    <ClInclude Include="Header\EffectSp.h">
      <Filter>头文件\Class</Filter>
    </ClInclude>
    <ClInclude Include="Header\Effectsys.h">
      <Filter>头文件\Class</Filter>
    </ClInclude>
    <ClInclude Include="Header\Enemy.h">
      <Filter>头文件\Class</Filter>
    </ClInclude>
    <ClInclude Include="Header\Fontsys.h">
      <Filter>头文件\Class</Filter>
    </ClInclude>
    <ClInclude Include="Header\Ghost.h">
      <Filter>头文件\Class</Filter>
    </ClInclude>
    <ClInclude Include="Header\InfoQuad.h">
      <Filter>头文件\Class</Filter>
    </ClInclude>
    <ClInclude Include="Header\InfoSelect.h">
      <Filter>头文件\Class</Filter>
    </ClInclude>
    <ClInclude Include="Header\Item.h">
      <Filter>头文件\Class</Filter>
    </ClInclude>
    <ClInclude Include="Header\Player.h">
      <Filter>头文件\Class</Filter>
    </ClInclude>
    <ClInclude Include="Header\PlayerBullet.h">
      <Filter>头文件\Class</Filter>
    </ClInclude>
    <ClInclude Include="Header\PlayerGhost.h">
      <Filter>头文件\Class</Filter>
    </ClInclude>
    <ClInclude Include="Header\Replay.h">
      <Filter>头文件\Class</Filter>
    </ClInclude>
    <ClInclude Include="Header\SE.h">
      <Filter>头文件\Class</Filter>
    </ClInclude>
    <ClInclude Include="Header\Selector.h">
      <Filter>头文件\Class</Filter>
    </ClInclude>
    <ClInclude Include="..\..\include\hge.h">
      <Filter>头文件\hge</Filter>
    </ClInclude>
    <ClInclude Include="..\..\include\hgeanim.h">
      <Filter>头文件\hge</Filter>
    </ClInclude>
    <ClInclude Include="..\..\include\hgecolor.h">
      <Filter>头文件\hge</Filter>
    </ClInclude>
    <ClInclude Include="..\..\include\hgedistort.h">
      <Filter>头文件\hge</Filter>
    </ClInclude>
    <ClInclude Include="..\..\include\hgefont.h">
      <Filter>头文件\hge</Filter>
    </ClInclude>
    <ClInclude Include="..\..\include\hgegui.h">
      <Filter>头文件\hge</Filter>
    </ClInclude>
    <ClInclude Include="..\..\include\hgeguictrls.h">
      <Filter>头文件\hge</Filter>
    </ClInclude>
    <ClInclude Include="..\..\include\hgeparticle.h">
      <Filter>头文件\hge</Filter>
    </ClInclude>
    <ClInclude Include="..\..\include\hgerect.h">
      <Filter>头文件\hge</Filter>
    </ClInclude>
    <ClInclude Include="..\..\include\hgeresource.h">
      <Filter>头文件\hge</Filter>
    </ClInclude>
    <ClInclude Include="..\..\include\hgesprite.h">
      <Filter>头文件\hge</Filter>
    </ClInclude>
    <ClInclude Include="..\..\include\hgestrings.h">
      <Filter>头文件\hge</Filter>
    </ClInclude>
    <ClInclude Include="..\..\include\hgevector.h">
      <Filter>头文件\hge</Filter>
    </ClInclude>
  </ItemGroup>
</Project>